
Microsoft Visual Studio Solution File, Format Version 12.00
# Visual Studio Version 17
VisualStudioVersion = 17.14.36930.0
MinimumVisualStudioVersion = 10.0.40219.1
Project("{FAE04EC0-301F-11D3-BF4B-00C04F79EFBC}") = "Sphere.Api", "Sphere.Api\Sphere.Api.csproj", "{F053FBEC-BF08-4969-88D9-725D35F59BA1}"
EndProject
Project("{FAE04EC0-301F-11D3-BF4B-00C04F79EFBC}") = "Sphere.Domain", "Sphere.Domain\Sphere.Domain.csproj", "{3A863E5D-D872-4E2F-A823-5697449B4B3C}"
EndProject
Project("{FAE04EC0-301F-11D3-BF4B-00C04F79EFBC}") = "Sphere.Application", "Sphere.Application\Sphere.Application.csproj", "{1ECADAB5-6F9F-4F27-869E-A834AC22C3B8}"
EndProject
Project("{FAE04EC0-301F-11D3-BF4B-00C04F79EFBC}") = "Sphere.Infrastructure", "Sphere.Infrastructure\Sphere.Infrastructure.csproj", "{DC2E0A01-5EFB-4694-8C26-143A0F257695}"
EndProject
Global
	GlobalSection(SolutionConfigurationPlatforms) = preSolution
		Debug|Any CPU = Debug|Any CPU
		Debug|x64 = Debug|x64
		Debug|x86 = Debug|x86
		Release|Any CPU = Release|Any CPU
		Release|x64 = Release|x64
		Release|x86 = Release|x86
	EndGlobalSection
	GlobalSection(ProjectConfigurationPlatforms) = postSolution
		{F053FBEC-BF08-4969-88D9-725D35F59BA1}.Debug|Any CPU.ActiveCfg = Debug|Any CPU
		{F053FBEC-BF08-4969-88D9-725D35F59BA1}.Debug|Any CPU.Build.0 = Debug|Any CPU
		{F053FBEC-BF08-4969-88D9-725D35F59BA1}.Debug|x64.ActiveCfg = Debug|Any CPU
		{F053FBEC-BF08-4969-88D9-725D35F59BA1}.Debug|x64.Build.0 = Debug|Any CPU
		{F053FBEC-BF08-4969-88D9-725D35F59BA1}.Debug|x86.ActiveCfg = Debug|Any CPU
		{F053FBEC-BF08-4969-88D9-725D35F59BA1}.Debug|x86.Build.0 = Debug|Any CPU
		{F053FBEC-BF08-4969-88D9-725D35F59BA1}.Release|Any CPU.ActiveCfg = Release|Any CPU
		{F053FBEC-BF08-4969-88D9-725D35F59BA1}.Release|Any CPU.Build.0 = Release|Any CPU
		{F053FBEC-BF08-4969-88D9-725D35F59BA1}.Release|x64.ActiveCfg = Release|Any CPU
		{F053FBEC-BF08-4969-88D9-725D35F59BA1}.Release|x64.Build.0 = Release|Any CPU
		{F053FBEC-BF08-4969-88D9-725D35F59BA1}.Release|x86.ActiveCfg = Release|Any CPU
		{F053FBEC-BF08-4969-88D9-725D35F59BA1}.Release|x86.Build.0 = Release|Any CPU
		{3A863E5D-D872-4E2F-A823-5697449B4B3C}.Debug|Any CPU.ActiveCfg = Debug|Any CPU
		{3A863E5D-D872-4E2F-A823-5697449B4B3C}.Debug|Any CPU.Build.0 = Debug|Any CPU
		{3A863E5D-D872-4E2F-A823-5697449B4B3C}.Debug|x64.ActiveCfg = Debug|Any CPU
		{3A863E5D-D872-4E2F-A823-5697449B4B3C}.Debug|x64.Build.0 = Debug|Any CPU
		{3A863E5D-D872-4E2F-A823-5697449B4B3C}.Debug|x86.ActiveCfg = Debug|Any CPU
		{3A863E5D-D872-4E2F-A823-5697449B4B3C}.Debug|x86.Build.0 = Debug|Any CPU
		{3A863E5D-D872-4E2F-A823-5697449B4B3C}.Release|Any CPU.ActiveCfg = Release|Any CPU
		{3A863E5D-D872-4E2F-A823-5697449B4B3C}.Release|Any CPU.Build.0 = Release|Any CPU
		{3A863E5D-D872-4E2F-A823-5697449B4B3C}.Release|x64.ActiveCfg = Release|Any CPU
		{3A863E5D-D872-4E2F-A823-5697449B4B3C}.Release|x64.Build.0 = Release|Any CPU
		{3A863E5D-D872-4E2F-A823-5697449B4B3C}.Release|x86.ActiveCfg = Release|Any CPU
		{3A863E5D-D872-4E2F-A823-5697449B4B3C}.Release|x86.Build.0 = Release|Any CPU
		{1ECADAB5-6F9F-4F27-869E-A834AC22C3B8}.Debug|Any CPU.ActiveCfg = Debug|Any CPU
		{1ECADAB5-6F9F-4F27-869E-A834AC22C3B8}.Debug|Any CPU.Build.0 = Debug|Any CPU
		{1ECADAB5-6F9F-4F27-869E-A834AC22C3B8}.Debug|x64.ActiveCfg = Debug|Any CPU
		{1ECADAB5-6F9F-4F27-869E-A834AC22C3B8}.Debug|x64.Build.0 = Debug|Any CPU
		{1ECADAB5-6F9F-4F27-869E-A834AC22C3B8}.Debug|x86.ActiveCfg = Debug|Any CPU
		{1ECADAB5-6F9F-4F27-869E-A834AC22C3B8}.Debug|x86.Build.0 = Debug|Any CPU
		{1ECADAB5-6F9F-4F27-869E-A834AC22C3B8}.Release|Any CPU.ActiveCfg = Release|Any CPU
		{1ECADAB5-6F9F-4F27-869E-A834AC22C3B8}.Release|Any CPU.Build.0 = Release|Any CPU
		{1ECADAB5-6F9F-4F27-869E-A834AC22C3B8}.Release|x64.ActiveCfg = Release|Any CPU
		{1ECADAB5-6F9F-4F27-869E-A834AC22C3B8}.Release|x64.Build.0 = Release|Any CPU
		{1ECADAB5-6F9F-4F27-869E-A834AC22C3B8}.Release|x86.ActiveCfg = Release|Any CPU
		{1ECADAB5-6F9F-4F27-869E-A834AC22C3B8}.Release|x86.Build.0 = Release|Any CPU
		{DC2E0A01-5EFB-4694-8C26-143A0F257695}.Debug|Any CPU.ActiveCfg = Debug|Any CPU
		{DC2E0A01-5EFB-4694-8C26-143A0F257695}.Debug|Any CPU.Build.0 = Debug|Any CPU
		{DC2E0A01-5EFB-4694-8C26-143A0F257695}.Debug|x64.ActiveCfg = Debug|Any CPU
		{DC2E0A01-5EFB-4694-8C26-143A0F257695}.Debug|x64.Build.0 = Debug|Any CPU
		{DC2E0A01-5EFB-4694-8C26-143A0F257695}.Debug|x86.ActiveCfg = Debug|Any CPU
		{DC2E0A01-5EFB-4694-8C26-143A0F257695}.Debug|x86.Build.0 = Debug|Any CPU
		{DC2E0A01-5EFB-4694-8C26-143A0F257695}.Release|Any CPU.ActiveCfg = Release|Any CPU
		{DC2E0A01-5EFB-4694-8C26-143A0F257695}.Release|Any CPU.Build.0 = Release|Any CPU
		{DC2E0A01-5EFB-4694-8C26-143A0F257695}.Release|x64.ActiveCfg = Release|Any CPU
		{DC2E0A01-5EFB-4694-8C26-143A0F257695}.Release|x64.Build.0 = Release|Any CPU
		{DC2E0A01-5EFB-4694-8C26-143A0F257695}.Release|x86.ActiveCfg = Release|Any CPU
		{DC2E0A01-5EFB-4694-8C26-143A0F257695}.Release|x86.Build.0 = Release|Any CPU
	EndGlobalSection
	GlobalSection(SolutionProperties) = preSolution
		HideSolutionNode = FALSE
	EndGlobalSection
	GlobalSection(ExtensibilityGlobals) = postSolution
		SolutionGuid = {B6DD4E2A-E516-44C5-8C74-417ECEEA66E8}
	EndGlobalSection
EndGlobal
